// !$*UTF8*$!
{
	archiveVersion = 1;
	classes = {
	};
	objectVersion = 50;
	objects = {

/* Begin PBXBuildFile section */
		406034A921EA2C9A0010BE50 /* WebViewController.swift in Sources */ = {isa = PBXBuildFile; fileRef = 406034A821EA2C9A0010BE50 /* WebViewController.swift */; };
		4061399C21E963F700E0F0E7 /* AppDelegate.swift in Sources */ = {isa = PBXBuildFile; fileRef = 4061399B21E963F700E0F0E7 /* AppDelegate.swift */; };
		4061399E21E963F700E0F0E7 /* FeedListViewController.swift in Sources */ = {isa = PBXBuildFile; fileRef = 4061399D21E963F700E0F0E7 /* FeedListViewController.swift */; };
		406139A121E963F700E0F0E7 /* Main.storyboard in Resources */ = {isa = PBXBuildFile; fileRef = 4061399F21E963F700E0F0E7 /* Main.storyboard */; };
		406139A321E963F800E0F0E7 /* Assets.xcassets in Resources */ = {isa = PBXBuildFile; fileRef = 406139A221E963F800E0F0E7 /* Assets.xcassets */; };
		406139A621E963F800E0F0E7 /* LaunchScreen.storyboard in Resources */ = {isa = PBXBuildFile; fileRef = 406139A421E963F800E0F0E7 /* LaunchScreen.storyboard */; };
		406139AE21E9F45F00E0F0E7 /* XmlParserManager.swift in Sources */ = {isa = PBXBuildFile; fileRef = 406139AD21E9F45F00E0F0E7 /* XmlParserManager.swift */; };
		406139B021E9F63700E0F0E7 /* RSSItem.swift in Sources */ = {isa = PBXBuildFile; fileRef = 406139AF21E9F63700E0F0E7 /* RSSItem.swift */; };
		406139B221EA056F00E0F0E7 /* FeedsTableViewCell.swift in Sources */ = {isa = PBXBuildFile; fileRef = 406139B121EA056F00E0F0E7 /* FeedsTableViewCell.swift */; };
/* End PBXBuildFile section */

/* Begin PBXFileReference section */
		406034A821EA2C9A0010BE50 /* WebViewController.swift */ = {isa = PBXFileReference; lastKnownFileType = sourcecode.swift; path = WebViewController.swift; sourceTree = "<group>"; };
		4061399821E963F700E0F0E7 /* WiredFeedsTestApp.app */ = {isa = PBXFileReference; explicitFileType = wrapper.application; includeInIndex = 0; path = WiredFeedsTestApp.app; sourceTree = BUILT_PRODUCTS_DIR; };
		4061399B21E963F700E0F0E7 /* AppDelegate.swift */ = {isa = PBXFileReference; lastKnownFileType = sourcecode.swift; path = AppDelegate.swift; sourceTree = "<group>"; };
		4061399D21E963F700E0F0E7 /* FeedListViewController.swift */ = {isa = PBXFileReference; lastKnownFileType = sourcecode.swift; path = FeedListViewController.swift; sourceTree = "<group>"; };
		406139A021E963F700E0F0E7 /* Base */ = {isa = PBXFileReference; lastKnownFileType = file.storyboard; name = Base; path = Base.lproj/Main.storyboard; sourceTree = "<group>"; };
		406139A221E963F800E0F0E7 /* Assets.xcassets */ = {isa = PBXFileReference; lastKnownFileType = folder.assetcatalog; path = Assets.xcassets; sourceTree = "<group>"; };
		406139A521E963F800E0F0E7 /* Base */ = {isa = PBXFileReference; lastKnownFileType = file.storyboard; name = Base; path = Base.lproj/LaunchScreen.storyboard; sourceTree = "<group>"; };
		406139A721E963F800E0F0E7 /* Info.plist */ = {isa = PBXFileReference; lastKnownFileType = text.plist.xml; path = Info.plist; sourceTree = "<group>"; };
		406139AD21E9F45F00E0F0E7 /* XmlParserManager.swift */ = {isa = PBXFileReference; lastKnownFileType = sourcecode.swift; path = XmlParserManager.swift; sourceTree = "<group>"; };
		406139AF21E9F63700E0F0E7 /* RSSItem.swift */ = {isa = PBXFileReference; lastKnownFileType = sourcecode.swift; path = RSSItem.swift; sourceTree = "<group>"; };
		406139B121EA056F00E0F0E7 /* FeedsTableViewCell.swift */ = {isa = PBXFileReference; lastKnownFileType = sourcecode.swift; path = FeedsTableViewCell.swift; sourceTree = "<group>"; };
/* End PBXFileReference section */

/* Begin PBXFrameworksBuildPhase section */
		4061399521E963F700E0F0E7 /* Frameworks */ = {
			isa = PBXFrameworksBuildPhase;
			buildActionMask = 2147483647;
			files = (
			);
			runOnlyForDeploymentPostprocessing = 0;
		};
/* End PBXFrameworksBuildPhase section */

/* Begin PBXGroup section */
		406034AA21EA30A00010BE50 /* Source */ = {
			isa = PBXGroup;
			children = (
				406139AD21E9F45F00E0F0E7 /* XmlParserManager.swift */,
			);
			path = Source;
			sourceTree = "<group>";
		};
		406034AB21EA30C40010BE50 /* Model */ = {
			isa = PBXGroup;
			children = (
				406139AF21E9F63700E0F0E7 /* RSSItem.swift */,
			);
			path = Model;
			sourceTree = "<group>";
		};
		406034AC21EA30D40010BE50 /* Scenes */ = {
			isa = PBXGroup;
			children = (
				406034AD21EA30FB0010BE50 /* Cell */,
				406034A821EA2C9A0010BE50 /* WebViewController.swift */,
				4061399D21E963F700E0F0E7 /* FeedListViewController.swift */,
			);
			path = Scenes;
			sourceTree = "<group>";
		};
		406034AD21EA30FB0010BE50 /* Cell */ = {
			isa = PBXGroup;
			children = (
				406139B121EA056F00E0F0E7 /* FeedsTableViewCell.swift */,
			);
			path = Cell;
			sourceTree = "<group>";
		};
		406034AE21EA31110010BE50 /* Storyboard */ = {
			isa = PBXGroup;
			children = (
				4061399F21E963F700E0F0E7 /* Main.storyboard */,
			);
			path = Storyboard;
			sourceTree = "<group>";
		};
		4061398F21E963F700E0F0E7 = {
			isa = PBXGroup;
			children = (
				4061399A21E963F700E0F0E7 /* WiredFeedsTestApp */,
				4061399921E963F700E0F0E7 /* Products */,
			);
			sourceTree = "<group>";
		};
		4061399921E963F700E0F0E7 /* Products */ = {
			isa = PBXGroup;
			children = (
				4061399821E963F700E0F0E7 /* WiredFeedsTestApp.app */,
			);
			name = Products;
			sourceTree = "<group>";
		};
		4061399A21E963F700E0F0E7 /* WiredFeedsTestApp */ = {
			isa = PBXGroup;
			children = (
				4061399B21E963F700E0F0E7 /* AppDelegate.swift */,
				406034AE21EA31110010BE50 /* Storyboard */,
				406034AB21EA30C40010BE50 /* Model */,
				406034AA21EA30A00010BE50 /* Source */,
				406034AC21EA30D40010BE50 /* Scenes */,
				406139A221E963F800E0F0E7 /* Assets.xcassets */,
				406139A421E963F800E0F0E7 /* LaunchScreen.storyboard */,
				406139A721E963F800E0F0E7 /* Info.plist */,
			);
			path = WiredFeedsTestApp;
			sourceTree = "<group>";
		};
/* End PBXGroup section */

/* Begin PBXNativeTarget section */
		4061399721E963F700E0F0E7 /* WiredFeedsTestApp */ = {
			isa = PBXNativeTarget;
			buildConfigurationList = 406139AA21E963F800E0F0E7 /* Build configuration list for PBXNativeTarget "WiredFeedsTestApp" */;
			buildPhases = (
				4061399421E963F700E0F0E7 /* Sources */,
				4061399521E963F700E0F0E7 /* Frameworks */,
				4061399621E963F700E0F0E7 /* Resources */,
			);
			buildRules = (
			);
			dependencies = (
			);
			name = WiredFeedsTestApp;
			productName = WiredFeedsTestApp;
			productReference = 4061399821E963F700E0F0E7 /* WiredFeedsTestApp.app */;
			productType = "com.apple.product-type.application";
		};
/* End PBXNativeTarget section */

/* Begin PBXProject section */
		4061399021E963F700E0F0E7 /* Project object */ = {
			isa = PBXProject;
			attributes = {
				LastSwiftUpdateCheck = 1010;
				LastUpgradeCheck = 1010;
				ORGANIZATIONNAME = "Володимр Ільків";
				TargetAttributes = {
					4061399721E963F700E0F0E7 = {
						CreatedOnToolsVersion = 10.1;
					};
				};
			};
			buildConfigurationList = 4061399321E963F700E0F0E7 /* Build configuration list for PBXProject "WiredFeedsTestApp" */;
			compatibilityVersion = "Xcode 9.3";
			developmentRegion = en;
			hasScannedForEncodings = 0;
			knownRegions = (
				en,
				Base,
			);
			mainGroup = 4061398F21E963F700E0F0E7;
			productRefGroup = 4061399921E963F700E0F0E7 /* Products */;
			projectDirPath = "";
			projectRoot = "";
			targets = (
				4061399721E963F700E0F0E7 /* WiredFeedsTestApp */,
			);
		};
/* End PBXProject section */

/* Begin PBXResourcesBuildPhase section */
		4061399621E963F700E0F0E7 /* Resources */ = {
			isa = PBXResourcesBuildPhase;
			buildActionMask = 2147483647;
			files = (
				406139A621E963F800E0F0E7 /* LaunchScreen.storyboard in Resources */,
				406139A321E963F800E0F0E7 /* Assets.xcassets in Resources */,
				406139A121E963F700E0F0E7 /* Main.storyboard in Resources */,
			);
			runOnlyForDeploymentPostprocessing = 0;
		};
/* End PBXResourcesBuildPhase section */

/* Begin PBXSourcesBuildPhase section */
		4061399421E963F700E0F0E7 /* Sources */ = {
			isa = PBXSourcesBuildPhase;
			buildActionMask = 2147483647;
			files = (
				406139B221EA056F00E0F0E7 /* FeedsTableViewCell.swift in Sources */,
				406034A921EA2C9A0010BE50 /* WebViewController.swift in Sources */,
				4061399E21E963F700E0F0E7 /* FeedListViewController.swift in Sources */,
				4061399C21E963F700E0F0E7 /* AppDelegate.swift in Sources */,
				406139AE21E9F45F00E0F0E7 /* XmlParserManager.swift in Sources */,
				406139B021E9F63700E0F0E7 /* RSSItem.swift in Sources */,
			);
			runOnlyForDeploymentPostprocessing = 0;
		};
/* End PBXSourcesBuildPhase section */

/* Begin PBXVariantGroup section */
		4061399F21E963F700E0F0E7 /* Main.storyboard */ = {
			isa = PBXVariantGroup;
			children = (
				406139A021E963F700E0F0E7 /* Base */,
			);
			name = Main.storyboard;
			sourceTree = "<group>";
		};
		406139A421E963F800E0F0E7 /* LaunchScreen.storyboard */ = {
			isa = PBXVariantGroup;
			children = (
				406139A521E963F800E0F0E7 /* Base */,
			);
			name = LaunchScreen.storyboard;
			sourceTree = "<group>";
		};
/* End PBXVariantGroup section */

/* Begin XCBuildConfiguration section */
		406139A821E963F800E0F0E7 /* Debug */ = {
			isa = XCBuildConfiguration;
			buildSettings = {
				ALWAYS_SEARCH_USER_PATHS = NO;
				CLANG_ANALYZER_NONNULL = YES;
				CLANG_ANALYZER_NUMBER_OBJECT_CONVERSION = YES_AGGRESSIVE;
				CLANG_CXX_LANGUAGE_STANDARD = "gnu++14";
				CLANG_CXX_LIBRARY = "libc++";
				CLANG_ENABLE_MODULES = YES;
				CLANG_ENABLE_OBJC_ARC = YES;
				CLANG_ENABLE_OBJC_WEAK = YES;
				CLANG_WARN_BLOCK_CAPTURE_AUTORELEASING = YES;
				CLANG_WARN_BOOL_CONVERSION = YES;
				CLANG_WARN_COMMA = YES;
				CLANG_WARN_CONSTANT_CONVERSION = YES;
				CLANG_WARN_DEPRECATED_OBJC_IMPLEMENTATIONS = YES;
				CLANG_WARN_DIRECT_OBJC_ISA_USAGE = YES_ERROR;
				CLANG_WARN_DOCUMENTATION_COMMENTS = YES;
				CLANG_WARN_EMPTY_BODY = YES;
				CLANG_WARN_ENUM_CONVERSION = YES;
				CLANG_WARN_INFINITE_RECURSION = YES;
				CLANG_WARN_INT_CONVERSION = YES;
				CLANG_WARN_NON_LITERAL_NULL_CONVERSION = YES;
				CLANG_WARN_OBJC_IMPLICIT_RETAIN_SELF = YES;
				CLANG_WARN_OBJC_LITERAL_CONVERSION = YES;
				CLANG_WARN_OBJC_ROOT_CLASS = YES_ERROR;
				CLANG_WARN_RANGE_LOOP_ANALYSIS = YES;
				CLANG_WARN_STRICT_PROTOTYPES = YES;
				CLANG_WARN_SUSPICIOUS_MOVE = YES;
				CLANG_WARN_UNGUARDED_AVAILABILITY = YES_AGGRESSIVE;
				CLANG_WARN_UNREACHABLE_CODE = YES;
				CLANG_WARN__DUPLICATE_METHOD_MATCH = YES;
				CODE_SIGN_IDENTITY = "iPhone Developer";
				COPY_PHASE_STRIP = NO;
				DEBUG_INFORMATION_FORMAT = dwarf;
				ENABLE_STRICT_OBJC_MSGSEND = YES;
				ENABLE_TESTABILITY = YES;
				GCC_C_LANGUAGE_STANDARD = gnu11;
				GCC_DYNAMIC_NO_PIC = NO;
				GCC_NO_COMMON_BLOCKS = YES;
				GCC_OPTIMIZATION_LEVEL = 0;
				GCC_PREPROCESSOR_DEFINITIONS = (
					"DEBUG=1",
					"$(inherited)",
				);
				GCC_WARN_64_TO_32_BIT_CONVERSION = YES;
				GCC_WARN_ABOUT_RETURN_TYPE = YES_ERROR;
				GCC_WARN_UNDECLARED_SELECTOR = YES;
				GCC_WARN_UNINITIALIZED_AUTOS = YES_AGGRESSIVE;
				GCC_WARN_UNUSED_FUNCTION = YES;
				GCC_WARN_UNUSED_VARIABLE = YES;
				IPHONEOS_DEPLOYMENT_TARGET = 12.1;
				MTL_ENABLE_DEBUG_INFO = INCLUDE_SOURCE;
				MTL_FAST_MATH = YES;
				ONLY_ACTIVE_ARCH = YES;
				SDKROOT = iphoneos;
				SWIFT_ACTIVE_COMPILATION_CONDITIONS = DEBUG;
				SWIFT_OPTIMIZATION_LEVEL = "-Onone";
			};
			name = Debug;
		};
		406139A921E963F800E0F0E7 /* Release */ = {
			isa = XCBuildConfiguration;
			buildSettings = {
				ALWAYS_SEARCH_USER_PATHS = NO;
				CLANG_ANALYZER_NONNULL = YES;
				CLANG_ANALYZER_NUMBER_OBJECT_CONVERSION = YES_AGGRESSIVE;
				CLANG_CXX_LANGUAGE_STANDARD = "gnu++14";
				CLANG_CXX_LIBRARY = "libc++";
				CLANG_ENABLE_MODULES = YES;
				CLANG_ENABLE_OBJC_ARC = YES;
				CLANG_ENABLE_OBJC_WEAK = YES;
				CLANG_WARN_BLOCK_CAPTURE_AUTORELEASING = YES;
				CLANG_WARN_BOOL_CONVERSION = YES;
				CLANG_WARN_COMMA = YES;
				CLANG_WARN_CONSTANT_CONVERSION = YES;
				CLANG_WARN_DEPRECATED_OBJC_IMPLEMENTATIONS = YES;
				CLANG_WARN_DIRECT_OBJC_ISA_USAGE = YES_ERROR;
				CLANG_WARN_DOCUMENTATION_COMMENTS = YES;
				CLANG_WARN_EMPTY_BODY = YES;
				CLANG_WARN_ENUM_CONVERSION = YES;
				CLANG_WARN_INFINITE_RECURSION = YES;
				CLANG_WARN_INT_CONVERSION = YES;
				CLANG_WARN_NON_LITERAL_NULL_CONVERSION = YES;
				CLANG_WARN_OBJC_IMPLICIT_RETAIN_SELF = YES;
				CLANG_WARN_OBJC_LITERAL_CONVERSION = YES;
				CLANG_WARN_OBJC_ROOT_CLASS = YES_ERROR;
				CLANG_WARN_RANGE_LOOP_ANALYSIS = YES;
				CLANG_WARN_STRICT_PROTOTYPES = YES;
				CLANG_WARN_SUSPICIOUS_MOVE = YES;
				CLANG_WARN_UNGUARDED_AVAILABILITY = YES_AGGRESSIVE;
				CLANG_WARN_UNREACHABLE_CODE = YES;
				CLANG_WARN__DUPLICATE_METHOD_MATCH = YES;
				CODE_SIGN_IDENTITY = "iPhone Developer";
				COPY_PHASE_STRIP = NO;
				DEBUG_INFORMATION_FORMAT = "dwarf-with-dsym";
				ENABLE_NS_ASSERTIONS = NO;
				ENABLE_STRICT_OBJC_MSGSEND = YES;
				GCC_C_LANGUAGE_STANDARD = gnu11;
				GCC_NO_COMMON_BLOCKS = YES;
				GCC_WARN_64_TO_32_BIT_CONVERSION = YES;
				GCC_WARN_ABOUT_RETURN_TYPE = YES_ERROR;
				GCC_WARN_UNDECLARED_SELECTOR = YES;
				GCC_WARN_UNINITIALIZED_AUTOS = YES_AGGRESSIVE;
				GCC_WARN_UNUSED_FUNCTION = YES;
				GCC_WARN_UNUSED_VARIABLE = YES;
				IPHONEOS_DEPLOYMENT_TARGET = 12.1;
				MTL_ENABLE_DEBUG_INFO = NO;
				MTL_FAST_MATH = YES;
				SDKROOT = iphoneos;
				SWIFT_COMPILATION_MODE = wholemodule;
				SWIFT_OPTIMIZATION_LEVEL = "-O";
				VALIDATE_PRODUCT = YES;
			};
			name = Release;
		};
		406139AB21E963F800E0F0E7 /* Debug */ = {
			isa = XCBuildConfiguration;
			buildSettings = {
				ASSETCATALOG_COMPILER_APPICON_NAME = AppIcon;
				CODE_SIGN_STYLE = Automatic;
				DEVELOPMENT_TEAM = Z5H8BF53Y9;
				INFOPLIST_FILE = WiredFeedsTestApp/Info.plist;
				IPHONEOS_DEPLOYMENT_TARGET = 11.0;
				LD_RUNPATH_SEARCH_PATHS = (
					"$(inherited)",
					"@executable_path/Frameworks",
				);
				PRODUCT_BUNDLE_IDENTIFIER = volodymyr.ilkiv.WiredFeedsTestApp;
				PRODUCT_NAME = "$(TARGET_NAME)";
				SWIFT_VERSION = 4.2;
				TARGETED_DEVICE_FAMILY = "1,2";
			};
			name = Debug;
		};
		406139AC21E963F800E0F0E7 /* Release */ = {
			isa = XCBuildConfiguration;
			buildSettings = {
				ASSETCATALOG_COMPILER_APPICON_NAME = AppIcon;
				CODE_SIGN_STYLE = Automatic;
				DEVELOPMENT_TEAM = Z5H8BF53Y9;
				INFOPLIST_FILE = WiredFeedsTestApp/Info.plist;
				IPHONEOS_DEPLOYMENT_TARGET = 11.0;
				LD_RUNPATH_SEARCH_PATHS = (
					"$(inherited)",
					"@executable_path/Frameworks",
				);
				PRODUCT_BUNDLE_IDENTIFIER = volodymyr.ilkiv.WiredFeedsTestApp;
				PRODUCT_NAME = "$(TARGET_NAME)";
				SWIFT_VERSION = 4.2;
				TARGETED_DEVICE_FAMILY = "1,2";
			};
			name = Release;
		};
/* End XCBuildConfiguration section */

/* Begin XCConfigurationList section */
		4061399321E963F700E0F0E7 /* Build configuration list for PBXProject "WiredFeedsTestApp" */ = {
			isa = XCConfigurationList;
			buildConfigurations = (
				406139A821E963F800E0F0E7 /* Debug */,
				406139A921E963F800E0F0E7 /* Release */,
			);
			defaultConfigurationIsVisible = 0;
			defaultConfigurationName = Release;
		};
		406139AA21E963F800E0F0E7 /* Build configuration list for PBXNativeTarget "WiredFeedsTestApp" */ = {
			isa = XCConfigurationList;
			buildConfigurations = (
				406139AB21E963F800E0F0E7 /* Debug */,
				406139AC21E963F800E0F0E7 /* Release */,
			);
			defaultConfigurationIsVisible = 0;
			defaultConfigurationName = Release;
		};
/* End XCConfigurationList section */
	};
	rootObject = 4061399021E963F700E0F0E7 /* Project object */;
}
